
Microsoft Visual Studio Solution File, Format Version 12.00
# Visual Studio Version 17
VisualStudioVersion = 17.9.34701.34
MinimumVisualStudioVersion = 10.0.40219.1
Project("{9A19103F-16F7-4668-BE54-9A1E7A4F7556}") = "BallastLane", "BallastLane\BallastLane.csproj", "{D1D50C82-5DB0-4EE5-B2EF-77D876C31B33}"
EndProject
Project("{9A19103F-16F7-4668-BE54-9A1E7A4F7556}") = "BallastLane.Test", "BallastLane.Test\BallastLane.Test.csproj", "{0B9DAECE-D746-4B97-80DE-4721DE9D0421}"
EndProject
Project("{E53339B2-1760-4266-BCC7-CA923CBCF16C}") = "docker-compose", "docker-compose.dcproj", "{5EE3006B-91DE-419E-8417-DA92A7DB215C}"
EndProject
Global
	GlobalSection(SolutionConfigurationPlatforms) = preSolution
		Debug|Any CPU = Debug|Any CPU
		Release|Any CPU = Release|Any CPU
	EndGlobalSection
	GlobalSection(ProjectConfigurationPlatforms) = postSolution
		{D1D50C82-5DB0-4EE5-B2EF-77D876C31B33}.Debug|Any CPU.ActiveCfg = Debug|Any CPU
		{D1D50C82-5DB0-4EE5-B2EF-77D876C31B33}.Debug|Any CPU.Build.0 = Debug|Any CPU
		{D1D50C82-5DB0-4EE5-B2EF-77D876C31B33}.Release|Any CPU.ActiveCfg = Release|Any CPU
		{D1D50C82-5DB0-4EE5-B2EF-77D876C31B33}.Release|Any CPU.Build.0 = Release|Any CPU
		{0B9DAECE-D746-4B97-80DE-4721DE9D0421}.Debug|Any CPU.ActiveCfg = Debug|Any CPU
		{0B9DAECE-D746-4B97-80DE-4721DE9D0421}.Debug|Any CPU.Build.0 = Debug|Any CPU
		{0B9DAECE-D746-4B97-80DE-4721DE9D0421}.Release|Any CPU.ActiveCfg = Release|Any CPU
		{0B9DAECE-D746-4B97-80DE-4721DE9D0421}.Release|Any CPU.Build.0 = Release|Any CPU
		{5EE3006B-91DE-419E-8417-DA92A7DB215C}.Debug|Any CPU.ActiveCfg = Debug|Any CPU
		{5EE3006B-91DE-419E-8417-DA92A7DB215C}.Debug|Any CPU.Build.0 = Debug|Any CPU
		{5EE3006B-91DE-419E-8417-DA92A7DB215C}.Release|Any CPU.ActiveCfg = Release|Any CPU
		{5EE3006B-91DE-419E-8417-DA92A7DB215C}.Release|Any CPU.Build.0 = Release|Any CPU
	EndGlobalSection
	GlobalSection(SolutionProperties) = preSolution
		HideSolutionNode = FALSE
	EndGlobalSection
	GlobalSection(ExtensibilityGlobals) = postSolution
		SolutionGuid = {A049AD5A-BAA1-46D7-B5BA-3E18B882E4FC}
	EndGlobalSection
EndGlobal
